
Microsoft Visual Studio Solution File, Format Version 12.00
# Visual Studio Version 16
VisualStudioVersion = 16.0.30907.101
MinimumVisualStudioVersion = 10.0.40219.1
Project("{FAE04EC0-301F-11D3-BF4B-00C04F79EFBC}") = "ReportManager", "ReportManager\ReportManager.csproj", "{DCC597A7-5433-4270-8092-603B99F062EF}"
EndProject
Global
	GlobalSection(SolutionConfigurationPlatforms) = preSolution
		Debug|Any CPU = Debug|Any CPU
		Release|Any CPU = Release|Any CPU
	EndGlobalSection
	GlobalSection(ProjectConfigurationPlatforms) = postSolution
		{DCC597A7-5433-4270-8092-603B99F062EF}.Debug|Any CPU.ActiveCfg = Debug|Any CPU
		{DCC597A7-5433-4270-8092-603B99F062EF}.Debug|Any CPU.Build.0 = Debug|Any CPU
		{DCC597A7-5433-4270-8092-603B99F062EF}.Release|Any CPU.ActiveCfg = Release|Any CPU
		{DCC597A7-5433-4270-8092-603B99F062EF}.Release|Any CPU.Build.0 = Release|Any CPU
	EndGlobalSection
	GlobalSection(SolutionProperties) = preSolution
		HideSolutionNode = FALSE
	EndGlobalSection
	GlobalSection(ExtensibilityGlobals) = postSolution
		SolutionGuid = {ECF89581-CE86-401D-945A-B7B76DB4B928}
	EndGlobalSection
EndGlobal
